
Microsoft Visual Studio Solution File, Format Version 12.00
# Visual Studio Version 16
VisualStudioVersion = 16.0.29102.190
MinimumVisualStudioVersion = 10.0.40219.1
Project("{9A19103F-16F7-4668-BE54-9A1E7A4F7556}") = "StoreVendor", "AdapterPattern\StoreVendor\StoreVendor.csproj", "{0CA851DA-99D9-416F-8AE7-201B63955C71}"
EndProject
Project("{9A19103F-16F7-4668-BE54-9A1E7A4F7556}") = "MeatCookingTemps", "AdapterPattern\MeatCookingTemps\MeatCookingTemps.csproj", "{63765AD8-2E37-4C43-AFAE-2F7B6C9FD3E6}"
EndProject
Project("{9A19103F-16F7-4668-BE54-9A1E7A4F7556}") = "TypesOfVehicles", "TypesOfVehicles\TypesOfVehicles.csproj", "{94C75E84-BCA0-4CFE-AD26-91241BDA1C83}"
EndProject
Global
	GlobalSection(SolutionConfigurationPlatforms) = preSolution
		Debug|Any CPU = Debug|Any CPU
		Release|Any CPU = Release|Any CPU
	EndGlobalSection
	GlobalSection(ProjectConfigurationPlatforms) = postSolution
		{0CA851DA-99D9-416F-8AE7-201B63955C71}.Debug|Any CPU.ActiveCfg = Debug|Any CPU
		{0CA851DA-99D9-416F-8AE7-201B63955C71}.Debug|Any CPU.Build.0 = Debug|Any CPU
		{0CA851DA-99D9-416F-8AE7-201B63955C71}.Release|Any CPU.ActiveCfg = Release|Any CPU
		{0CA851DA-99D9-416F-8AE7-201B63955C71}.Release|Any CPU.Build.0 = Release|Any CPU
		{63765AD8-2E37-4C43-AFAE-2F7B6C9FD3E6}.Debug|Any CPU.ActiveCfg = Debug|Any CPU
		{63765AD8-2E37-4C43-AFAE-2F7B6C9FD3E6}.Debug|Any CPU.Build.0 = Debug|Any CPU
		{63765AD8-2E37-4C43-AFAE-2F7B6C9FD3E6}.Release|Any CPU.ActiveCfg = Release|Any CPU
		{63765AD8-2E37-4C43-AFAE-2F7B6C9FD3E6}.Release|Any CPU.Build.0 = Release|Any CPU
		{94C75E84-BCA0-4CFE-AD26-91241BDA1C83}.Debug|Any CPU.ActiveCfg = Debug|Any CPU
		{94C75E84-BCA0-4CFE-AD26-91241BDA1C83}.Debug|Any CPU.Build.0 = Debug|Any CPU
		{94C75E84-BCA0-4CFE-AD26-91241BDA1C83}.Release|Any CPU.ActiveCfg = Release|Any CPU
		{94C75E84-BCA0-4CFE-AD26-91241BDA1C83}.Release|Any CPU.Build.0 = Release|Any CPU
	EndGlobalSection
	GlobalSection(SolutionProperties) = preSolution
		HideSolutionNode = FALSE
	EndGlobalSection
	GlobalSection(ExtensibilityGlobals) = postSolution
		SolutionGuid = {AEC9246E-A97B-4305-B017-C7C53C04B190}
	EndGlobalSection
EndGlobal
